
Microsoft Visual Studio Solution File, Format Version 12.00
# Visual Studio Version 16
VisualStudioVersion = 16.0.29926.136
MinimumVisualStudioVersion = 10.0.40219.1
Project("{FAE04EC0-301F-11D3-BF4B-00C04F79EFBC}") = "OsszegzesTetel", "ProgTetelek\OsszegzesTetel.csproj", "{1AF0893D-1028-47DD-B374-7BA6D2714E1D}"
EndProject
Project("{FAE04EC0-301F-11D3-BF4B-00C04F79EFBC}") = "MegszamlalasTetel", "MegszamlalasTetel\MegszamlalasTetel.csproj", "{DE5B6BC6-E629-4A0B-BCB4-5015D685E983}"
EndProject
Project("{FAE04EC0-301F-11D3-BF4B-00C04F79EFBC}") = "AtlagTetel", "AtlagTetel\AtlagTetel.csproj", "{E6E82722-E371-4768-BE07-99CA28814A98}"
EndProject
Project("{FAE04EC0-301F-11D3-BF4B-00C04F79EFBC}") = "MinimumKereses", "MinimumKereses\MinimumKereses.csproj", "{5623E6E6-D5E8-40AC-8266-F45DFC3C9171}"
EndProject
Project("{FAE04EC0-301F-11D3-BF4B-00C04F79EFBC}") = "MaximumKeresses", "MaximumKeresses\MaximumKeresses.csproj", "{53109059-65A0-4C29-954A-CBA231A20D51}"
EndProject
Global
	GlobalSection(SolutionConfigurationPlatforms) = preSolution
		Debug|Any CPU = Debug|Any CPU
		Release|Any CPU = Release|Any CPU
	EndGlobalSection
	GlobalSection(ProjectConfigurationPlatforms) = postSolution
		{1AF0893D-1028-47DD-B374-7BA6D2714E1D}.Debug|Any CPU.ActiveCfg = Debug|Any CPU
		{1AF0893D-1028-47DD-B374-7BA6D2714E1D}.Debug|Any CPU.Build.0 = Debug|Any CPU
		{1AF0893D-1028-47DD-B374-7BA6D2714E1D}.Release|Any CPU.ActiveCfg = Release|Any CPU
		{1AF0893D-1028-47DD-B374-7BA6D2714E1D}.Release|Any CPU.Build.0 = Release|Any CPU
		{DE5B6BC6-E629-4A0B-BCB4-5015D685E983}.Debug|Any CPU.ActiveCfg = Debug|Any CPU
		{DE5B6BC6-E629-4A0B-BCB4-5015D685E983}.Debug|Any CPU.Build.0 = Debug|Any CPU
		{DE5B6BC6-E629-4A0B-BCB4-5015D685E983}.Release|Any CPU.ActiveCfg = Release|Any CPU
		{DE5B6BC6-E629-4A0B-BCB4-5015D685E983}.Release|Any CPU.Build.0 = Release|Any CPU
		{E6E82722-E371-4768-BE07-99CA28814A98}.Debug|Any CPU.ActiveCfg = Debug|Any CPU
		{E6E82722-E371-4768-BE07-99CA28814A98}.Debug|Any CPU.Build.0 = Debug|Any CPU
		{E6E82722-E371-4768-BE07-99CA28814A98}.Release|Any CPU.ActiveCfg = Release|Any CPU
		{E6E82722-E371-4768-BE07-99CA28814A98}.Release|Any CPU.Build.0 = Release|Any CPU
		{5623E6E6-D5E8-40AC-8266-F45DFC3C9171}.Debug|Any CPU.ActiveCfg = Debug|Any CPU
		{5623E6E6-D5E8-40AC-8266-F45DFC3C9171}.Debug|Any CPU.Build.0 = Debug|Any CPU
		{5623E6E6-D5E8-40AC-8266-F45DFC3C9171}.Release|Any CPU.ActiveCfg = Release|Any CPU
		{5623E6E6-D5E8-40AC-8266-F45DFC3C9171}.Release|Any CPU.Build.0 = Release|Any CPU
		{53109059-65A0-4C29-954A-CBA231A20D51}.Debug|Any CPU.ActiveCfg = Debug|Any CPU
		{53109059-65A0-4C29-954A-CBA231A20D51}.Debug|Any CPU.Build.0 = Debug|Any CPU
		{53109059-65A0-4C29-954A-CBA231A20D51}.Release|Any CPU.ActiveCfg = Release|Any CPU
		{53109059-65A0-4C29-954A-CBA231A20D51}.Release|Any CPU.Build.0 = Release|Any CPU
	EndGlobalSection
	GlobalSection(SolutionProperties) = preSolution
		HideSolutionNode = FALSE
	EndGlobalSection
	GlobalSection(ExtensibilityGlobals) = postSolution
		SolutionGuid = {7381B9DD-7BA8-41F4-86A7-C94D8A804C8C}
	EndGlobalSection
EndGlobal
