
Microsoft Visual Studio Solution File, Format Version 12.00
# Visual Studio Version 16
VisualStudioVersion = 16.0.29926.136
MinimumVisualStudioVersion = 10.0.40219.1
Project("{FAE04EC0-301F-11D3-BF4B-00C04F79EFBC}") = "OpeningWeekend", "OpeningWeekend\OpeningWeekend.csproj", "{7B6DBF2B-853A-4698-8DF8-A880CCE39596}"
EndProject
Global
	GlobalSection(SolutionConfigurationPlatforms) = preSolution
		Debug|Any CPU = Debug|Any CPU
		Release|Any CPU = Release|Any CPU
	EndGlobalSection
	GlobalSection(ProjectConfigurationPlatforms) = postSolution
		{7B6DBF2B-853A-4698-8DF8-A880CCE39596}.Debug|Any CPU.ActiveCfg = Debug|Any CPU
		{7B6DBF2B-853A-4698-8DF8-A880CCE39596}.Debug|Any CPU.Build.0 = Debug|Any CPU
		{7B6DBF2B-853A-4698-8DF8-A880CCE39596}.Release|Any CPU.ActiveCfg = Release|Any CPU
		{7B6DBF2B-853A-4698-8DF8-A880CCE39596}.Release|Any CPU.Build.0 = Release|Any CPU
	EndGlobalSection
	GlobalSection(SolutionProperties) = preSolution
		HideSolutionNode = FALSE
	EndGlobalSection
	GlobalSection(ExtensibilityGlobals) = postSolution
		SolutionGuid = {6349AB4B-D8BA-48EA-B555-171B7325109D}
	EndGlobalSection
EndGlobal
