
Microsoft Visual Studio Solution File, Format Version 12.00
# Visual Studio Version 16
VisualStudioVersion = 16.0.28803.352
MinimumVisualStudioVersion = 10.0.40219.1
Project("{FAE04EC0-301F-11D3-BF4B-00C04F79EFBC}") = "footgolf", "footgolf\footgolf.csproj", "{43896A61-7B82-4A45-9E48-EFF8873AF23B}"
EndProject
Global
	GlobalSection(SolutionConfigurationPlatforms) = preSolution
		Debug|Any CPU = Debug|Any CPU
		Release|Any CPU = Release|Any CPU
	EndGlobalSection
	GlobalSection(ProjectConfigurationPlatforms) = postSolution
		{43896A61-7B82-4A45-9E48-EFF8873AF23B}.Debug|Any CPU.ActiveCfg = Debug|Any CPU
		{43896A61-7B82-4A45-9E48-EFF8873AF23B}.Debug|Any CPU.Build.0 = Debug|Any CPU
		{43896A61-7B82-4A45-9E48-EFF8873AF23B}.Release|Any CPU.ActiveCfg = Release|Any CPU
		{43896A61-7B82-4A45-9E48-EFF8873AF23B}.Release|Any CPU.Build.0 = Release|Any CPU
	EndGlobalSection
	GlobalSection(SolutionProperties) = preSolution
		HideSolutionNode = FALSE
	EndGlobalSection
	GlobalSection(ExtensibilityGlobals) = postSolution
		SolutionGuid = {C5581B4B-4F10-44E5-B3D2-3605913E9C67}
	EndGlobalSection
EndGlobal
