
Microsoft Visual Studio Solution File, Format Version 12.00
# Visual Studio Version 16
VisualStudioVersion = 16.0.28803.352
MinimumVisualStudioVersion = 10.0.40219.1
Project("{FAE04EC0-301F-11D3-BF4B-00C04F79EFBC}") = "kektura", "kektura\kektura.csproj", "{D07E50A6-F946-4A2D-AF42-35824FBCDB65}"
EndProject
Global
	GlobalSection(SolutionConfigurationPlatforms) = preSolution
		Debug|Any CPU = Debug|Any CPU
		Release|Any CPU = Release|Any CPU
	EndGlobalSection
	GlobalSection(ProjectConfigurationPlatforms) = postSolution
		{D07E50A6-F946-4A2D-AF42-35824FBCDB65}.Debug|Any CPU.ActiveCfg = Debug|Any CPU
		{D07E50A6-F946-4A2D-AF42-35824FBCDB65}.Debug|Any CPU.Build.0 = Debug|Any CPU
		{D07E50A6-F946-4A2D-AF42-35824FBCDB65}.Release|Any CPU.ActiveCfg = Release|Any CPU
		{D07E50A6-F946-4A2D-AF42-35824FBCDB65}.Release|Any CPU.Build.0 = Release|Any CPU
	EndGlobalSection
	GlobalSection(SolutionProperties) = preSolution
		HideSolutionNode = FALSE
	EndGlobalSection
	GlobalSection(ExtensibilityGlobals) = postSolution
		SolutionGuid = {BCBEB73A-78BB-46AD-BBAE-62DB38E245B1}
	EndGlobalSection
EndGlobal
